<?xml version="1.0" encoding="utf-8"?>
<Project ToolsVersion="4.0" xmlns="http://schemas.microsoft.com/developer/msbuild/2003">
  <ItemGroup>
    <Filter Include="Source Files">
      <UniqueIdentifier>{4FC737F1-C7A5-4376-A066-2A32D752A2FF}</UniqueIdentifier>
      <Extensions>cpp;c;cc;cxx;def;odl;idl;hpj;bat;asm;asmx</Extensions>
    </Filter>
    <Filter Include="Header Files">
      <UniqueIdentifier>{93995380-89BD-4b04-88EB-625FBE52EBFB}</UniqueIdentifier>
      <Extensions>h;hpp;hxx;hm;inl;inc;xsd</Extensions>
    </Filter>
    <Filter Include="Resource Files">
      <UniqueIdentifier>{67DA6AB6-F800-4c08-8B7A-83BB121AAD01}</UniqueIdentifier>
      <Extensions>rc;ico;cur;bmp;dlg;rc2;rct;bin;rgs;gif;jpg;jpeg;jpe;resx;tiff;tif;png;wav</Extensions>
    </Filter>
    <Filter Include="Header Files\Config">
      <UniqueIdentifier>{5a49eaa2-3b9d-465a-8788-cd7fe4ebf775}</UniqueIdentifier>
    </Filter>
    <Filter Include="Header Files\SIMD">
      <UniqueIdentifier>{4E4C3F4E-DBE1-43C1-AA56-C07BA66FA1B7}</UniqueIdentifier>
    </Filter>
  </ItemGroup>
  <ItemGroup>
    <ClCompile Include="..\src\Complex_ADT.c">
      <Filter>Source Files</Filter>
    </ClCompile>
    <ClCompile Include="..\src\DrawFractal.c">
      <Filter>Source Files</Filter>
    </ClCompile>
    <ClCompile Include="..\src\FloatPoint.c">
      <Filter>Source Files</Filter>
    </ClCompile>
    <ClCompile Include="..\src\Fractal.c">
      <Filter>Source Files</Filter>
    </ClCompile>
    <ClCompile Include="..\src\Fractal_SIMD.c">
      <Filter>Source Files</Filter>
    </ClCompile>
    <ClCompile Include="..\src\Graphics.c">
      <Filter>Source Files</Filter>
    </ClCompile>
    <ClCompile Include="..\src\main.c">
      <Filter>Source Files</Filter>
    </ClCompile>
  </ItemGroup>
  <ItemGroup>
    <ClInclude Include="..\include\Config\Warnings.h">
      <Filter>Header Files\Config</Filter>
    </ClInclude>
    <ClInclude Include="..\include\Config\Settings.h">
      <Filter>Header Files\Config</Filter>
    </ClInclude>
    <ClInclude Include="..\include\SIMD\SIMDetect.h">
      <Filter>Header Files\SIMD</Filter>
    </ClInclude>
    <ClInclude Include="..\include\SIMD\SIMDIntrin.h">
      <Filter>Header Files\SIMD</Filter>
    </ClInclude>
    <ClInclude Include="..\include\SIMD\SIMDTypes.h">
      <Filter>Header Files\SIMD</Filter>
    </ClInclude>
    <ClInclude Include="..\include\Complex_ADT.h">
      <Filter>Header Files</Filter>
    </ClInclude>
    <ClInclude Include="..\include\DrawFractal.h">
      <Filter>Header Files</Filter>
    </ClInclude>
    <ClInclude Include="..\include\FloatPoint.h">
      <Filter>Header Files</Filter>
    </ClInclude>
    <ClInclude Include="..\include\Fractal.h">
      <Filter>Header Files</Filter>
    </ClInclude>
    <ClInclude Include="..\include\Graphics.h">
      <Filter>Header Files</Filter>
    </ClInclude>
    <ClInclude Include="..\include\stdinc.h">
      <Filter>Header Files</Filter>
    </ClInclude>
    <ClInclude Include="..\include\Config\Compiler.h">
      <Filter>Header Files\Config</Filter>
    </ClInclude>
  </ItemGroup>
  <ItemGroup>
    <CustomBuild Include="..\src\asmlib.asm">
      <Filter>Source Files</Filter>
    </CustomBuild>
  </ItemGroup>
</Project>